
Microsoft Visual Studio Solution File, Format Version 12.00
# Visual Studio Version 17
VisualStudioVersion = 17.4.33110.190
MinimumVisualStudioVersion = 10.0.40219.1
Project("{FAE04EC0-301F-11D3-BF4B-00C04F79EFBC}") = "syu-locker-assignment", "syu-locker-assignment\syu-locker-assignment.csproj", "{31BD342B-2FC9-4A70-992E-D3AD82700B9F}"
EndProject
Global
	GlobalSection(SolutionConfigurationPlatforms) = preSolution
		Debug|Any CPU = Debug|Any CPU
		Release|Any CPU = Release|Any CPU
	EndGlobalSection
	GlobalSection(ProjectConfigurationPlatforms) = postSolution
		{31BD342B-2FC9-4A70-992E-D3AD82700B9F}.Debug|Any CPU.ActiveCfg = Debug|Any CPU
		{31BD342B-2FC9-4A70-992E-D3AD82700B9F}.Debug|Any CPU.Build.0 = Debug|Any CPU
		{31BD342B-2FC9-4A70-992E-D3AD82700B9F}.Release|Any CPU.ActiveCfg = Release|Any CPU
		{31BD342B-2FC9-4A70-992E-D3AD82700B9F}.Release|Any CPU.Build.0 = Release|Any CPU
	EndGlobalSection
	GlobalSection(SolutionProperties) = preSolution
		HideSolutionNode = FALSE
	EndGlobalSection
	GlobalSection(ExtensibilityGlobals) = postSolution
		SolutionGuid = {B90827D7-0034-457A-9B94-51180FEEBD3E}
	EndGlobalSection
EndGlobal
